
Microsoft Visual Studio Solution File, Format Version 12.00
Project("{FAE04EC0-301F-11D3-BF4B-00C04F79EFBC}") = "TerabankInterview.Api", "TerabankInterview.Api\TerabankInterview.Api.csproj", "{0CF48FB9-6450-4233-BC0E-1A7FC25168F3}"
EndProject
Project("{2150E333-8FDC-42A3-9474-1A3956D46DE8}") = "Infrastructure", "Infrastructure", "{2FD31A6B-B19C-4A8F-8C49-E85848CBA0E1}"
EndProject
Project("{2150E333-8FDC-42A3-9474-1A3956D46DE8}") = "Presentation", "Presentation", "{7AC46E59-0B52-47D5-BBC0-A09005561AFC}"
EndProject
Project("{2150E333-8FDC-42A3-9474-1A3956D46DE8}") = "Core", "Core", "{7D8A7CE8-386F-45F9-9C7B-2F3AF0CD1661}"
EndProject
Project("{FAE04EC0-301F-11D3-BF4B-00C04F79EFBC}") = "Application", "Application\Application.csproj", "{582CC0A7-2332-4575-A645-989A0014FDDE}"
EndProject
Project("{FAE04EC0-301F-11D3-BF4B-00C04F79EFBC}") = "Domain", "Domain\Domain.csproj", "{6DAF9052-F391-4067-924C-430A2B29AAB7}"
EndProject
Project("{FAE04EC0-301F-11D3-BF4B-00C04F79EFBC}") = "Infrastructure", "Infrastructure\Infrastructure.csproj", "{C9608F91-26CE-4BC3-A368-E9B4ED2C0A7E}"
EndProject
Global
	GlobalSection(SolutionConfigurationPlatforms) = preSolution
		Debug|Any CPU = Debug|Any CPU
		Release|Any CPU = Release|Any CPU
	EndGlobalSection
	GlobalSection(ProjectConfigurationPlatforms) = postSolution
		{0CF48FB9-6450-4233-BC0E-1A7FC25168F3}.Debug|Any CPU.ActiveCfg = Debug|Any CPU
		{0CF48FB9-6450-4233-BC0E-1A7FC25168F3}.Debug|Any CPU.Build.0 = Debug|Any CPU
		{0CF48FB9-6450-4233-BC0E-1A7FC25168F3}.Release|Any CPU.ActiveCfg = Release|Any CPU
		{0CF48FB9-6450-4233-BC0E-1A7FC25168F3}.Release|Any CPU.Build.0 = Release|Any CPU
		{582CC0A7-2332-4575-A645-989A0014FDDE}.Debug|Any CPU.ActiveCfg = Debug|Any CPU
		{582CC0A7-2332-4575-A645-989A0014FDDE}.Debug|Any CPU.Build.0 = Debug|Any CPU
		{582CC0A7-2332-4575-A645-989A0014FDDE}.Release|Any CPU.ActiveCfg = Release|Any CPU
		{582CC0A7-2332-4575-A645-989A0014FDDE}.Release|Any CPU.Build.0 = Release|Any CPU
		{6DAF9052-F391-4067-924C-430A2B29AAB7}.Debug|Any CPU.ActiveCfg = Debug|Any CPU
		{6DAF9052-F391-4067-924C-430A2B29AAB7}.Debug|Any CPU.Build.0 = Debug|Any CPU
		{6DAF9052-F391-4067-924C-430A2B29AAB7}.Release|Any CPU.ActiveCfg = Release|Any CPU
		{6DAF9052-F391-4067-924C-430A2B29AAB7}.Release|Any CPU.Build.0 = Release|Any CPU
		{C9608F91-26CE-4BC3-A368-E9B4ED2C0A7E}.Debug|Any CPU.ActiveCfg = Debug|Any CPU
		{C9608F91-26CE-4BC3-A368-E9B4ED2C0A7E}.Debug|Any CPU.Build.0 = Debug|Any CPU
		{C9608F91-26CE-4BC3-A368-E9B4ED2C0A7E}.Release|Any CPU.ActiveCfg = Release|Any CPU
		{C9608F91-26CE-4BC3-A368-E9B4ED2C0A7E}.Release|Any CPU.Build.0 = Release|Any CPU
	EndGlobalSection
	GlobalSection(NestedProjects) = preSolution
		{0CF48FB9-6450-4233-BC0E-1A7FC25168F3} = {7AC46E59-0B52-47D5-BBC0-A09005561AFC}
		{582CC0A7-2332-4575-A645-989A0014FDDE} = {7D8A7CE8-386F-45F9-9C7B-2F3AF0CD1661}
		{6DAF9052-F391-4067-924C-430A2B29AAB7} = {7D8A7CE8-386F-45F9-9C7B-2F3AF0CD1661}
		{C9608F91-26CE-4BC3-A368-E9B4ED2C0A7E} = {2FD31A6B-B19C-4A8F-8C49-E85848CBA0E1}
	EndGlobalSection
EndGlobal
